filippo.io/edwards25519 v1.1.0 h1:FNf4tywRC1HmFuKW5xopWpigGjJKiJSV0Cqo0cJWDaA=
filippo.io/edwards25519 v1.1.0/go.mod h1:BxyFTGdWcka3PhytdK4V28tE5sGfRvvvRV7EaN4VDT4=
filippo.io/nistec v0.0.3 h1:h336Je2jRDZdBCLy2fLDUd9E2unG32JLwcJi0JQE9Cw=
filippo.io/nistec v0.0.3/go.mod h1:84fxC9mi+MhC2AERXI4LSa8cmSVOzrFikg6hZ4IfCyw=
github.com/0xBridge/hash2curve v0.0.0-20250115114420-de0052b4a356 h1:8QfyAtXLFcMB+oTlwJs4UzRbTFQA+naklCQWtwRYPtY=
github.com/0xBridge/hash2curve v0.0.0-20250115114420-de0052b4a356/go.mod h1:vwLTftU+aW18xYcykn1LUfGhwBIFqWNa93zL7C2ES44=
github.com/0xBridge/hash2curve v0.0.0-20250115115850-b0e5fe71c3c2 h1:6HZ7gbFas7p343OIoKIkHn9+S/PyiZWeMMTjIll2Vf8=
github.com/0xBridge/hash2curve v0.0.0-20250115115850-b0e5fe71c3c2/go.mod h1:vwLTftU+aW18xYcykn1LUfGhwBIFqWNa93zL7C2ES44=
github.com/0xBridge/hash2curve v0.0.0-20250115122726-bb6e1c72e812 h1:bsftPNN2M22BOfN4uJFeXDfZyfEKBgFkbKB6ibrj3Vk=
github.com/0xBridge/hash2curve v0.0.0-20250115122726-bb6e1c72e812/go.mod h1:vwLTftU+aW18xYcykn1LUfGhwBIFqWNa93zL7C2ES44=
github.com/0xBridge/secp256k1 v0.0.0-20250115114615-8138be062cd0 h1:bZ4RbLgfNh70Z9D54Uui6TY2Yp/PuQNdPlBWqF9/iio=
github.com/0xBridge/secp256k1 v0.0.0-20250115114615-8138be062cd0/go.mod h1:7YCIQ+JBwTUq4sRrRK2wOkPyz8JrIYpmJzUBCE2SiX4=
github.com/0xBridge/secp256k1 v0.0.0-20250115120016-f0fa1ca94ed2 h1:KzS1oXNIKn2OTM6Nno5xZPbQoZuU6UWKTAIDMsNXgr4=
github.com/0xBridge/secp256k1 v0.0.0-20250115120016-f0fa1ca94ed2/go.mod h1:lQqaWaOqQpN6bZHLiTWw64SPw/d0kIH9pC12cGLD9Eo=
github.com/0xBridge/secp256k1 v0.0.0-20250115122817-ec0fce38a0f8 h1:JP03kQBqnn5G0TTgJpfH2Ip9SQDGD7CTLCdTptRFyK4=
github.com/0xBridge/secp256k1 v0.0.0-20250115122817-ec0fce38a0f8/go.mod h1:1WIL9xwK5CbuqizcpwL511aU69VPMGNv69yy2AGPp8c=
github.com/bytemare/hash v0.4.0 h1:1eqsPEe4J7m7xAaf32+2RKdxZslUSaJT7pezLbLOusg=
github.com/bytemare/hash v0.4.0/go.mod h1:5iEyBKNz+gBzvj7ermjXTrXz64fQUHVc2WjisGTk4Xk=
github.com/gtank/ristretto255 v0.1.2 h1:JEqUCPA1NvLq5DwYtuzigd7ss8fwbYay9fi4/5uMzcc=
github.com/gtank/ristretto255 v0.1.2/go.mod h1:Ph5OpO6c7xKUGROZfWVLiJf9icMDwUeIvY4OmlYW69o=
golang.org/x/crypto v0.32.0 h1:euUpcYgM8WcP71gNpTqQCn6rC2t6ULUPiOzfWaXVVfc=
golang.org/x/crypto v0.32.0/go.mod h1:ZnnJkOaASj8g0AjIduWNlq2NRxL0PlBrbKVyZ6V/Ugc=
golang.org/x/sys v0.29.0 h1:TPYlXGxvx1MGTn2GiZDhnjPA9wZzZeGKHHmKhHYvgaU=
golang.org/x/sys v0.29.0/go.mod h1:/VUhepiaJMQUp4+oa/7Zr1D23ma6VTLIYjOOTFZPUcA=
